
Microsoft Visual Studio Solution File, Format Version 12.00
# Visual Studio 15
VisualStudioVersion = 15.0.27703.2035
MinimumVisualStudioVersion = 10.0.40219.1
Project("{FAE04EC0-301F-11D3-BF4B-00C04F79EFBC}") = "Greeter", "Greeter\Greeter.csproj", "{44FD610B-67EA-4D45-9F22-5E070FD2584A}"
EndProject
Project("{FAE04EC0-301F-11D3-BF4B-00C04F79EFBC}") = "Testing", "Testing\Testing.csproj", "{BB0958A9-DB4F-4564-A230-E41918100532}"
EndProject
Global
	GlobalSection(SolutionConfigurationPlatforms) = preSolution
		Debug|Any CPU = Debug|Any CPU
		Release|Any CPU = Release|Any CPU
	EndGlobalSection
	GlobalSection(ProjectConfigurationPlatforms) = postSolution
		{44FD610B-67EA-4D45-9F22-5E070FD2584A}.Debug|Any CPU.ActiveCfg = Debug|Any CPU
		{44FD610B-67EA-4D45-9F22-5E070FD2584A}.Debug|Any CPU.Build.0 = Debug|Any CPU
		{44FD610B-67EA-4D45-9F22-5E070FD2584A}.Release|Any CPU.ActiveCfg = Release|Any CPU
		{44FD610B-67EA-4D45-9F22-5E070FD2584A}.Release|Any CPU.Build.0 = Release|Any CPU
		{BB0958A9-DB4F-4564-A230-E41918100532}.Debug|Any CPU.ActiveCfg = Debug|Any CPU
		{BB0958A9-DB4F-4564-A230-E41918100532}.Debug|Any CPU.Build.0 = Debug|Any CPU
		{BB0958A9-DB4F-4564-A230-E41918100532}.Release|Any CPU.ActiveCfg = Release|Any CPU
		{BB0958A9-DB4F-4564-A230-E41918100532}.Release|Any CPU.Build.0 = Release|Any CPU
	EndGlobalSection
	GlobalSection(SolutionProperties) = preSolution
		HideSolutionNode = FALSE
	EndGlobalSection
	GlobalSection(ExtensibilityGlobals) = postSolution
		SolutionGuid = {DF8873BA-449A-44CD-9DFD-2AA310B5020E}
	EndGlobalSection
EndGlobal
